// !$*UTF8*$!
{
	archiveVersion = 1;
	classes = {
	};
	objectVersion = 46;
	objects = {

/* Begin PBXBuildFile section */
		C7E402DE1A45D81E008EDBE1 /* AppDelegate.swift in Sources */ = {isa = PBXBuildFile; fileRef = C7E402DD1A45D81E008EDBE1 /* AppDelegate.swift */; };
		C7E402E01A45D81E008EDBE1 /* ViewController.swift in Sources */ = {isa = PBXBuildFile; fileRef = C7E402DF1A45D81E008EDBE1 /* ViewController.swift */; };
		C7E402E31A45D81E008EDBE1 /* Main.storyboard in Resources */ = {isa = PBXBuildFile; fileRef = C7E402E11A45D81E008EDBE1 /* Main.storyboard */; };
		C7E402E51A45D81E008EDBE1 /* Images.xcassets in Resources */ = {isa = PBXBuildFile; fileRef = C7E402E41A45D81E008EDBE1 /* Images.xcassets */; };
		C7E402E81A45D81E008EDBE1 /* LaunchScreen.xib in Resources */ = {isa = PBXBuildFile; fileRef = C7E402E61A45D81E008EDBE1 /* LaunchScreen.xib */; };
		C7E402F41A45D81E008EDBE1 /* PostcardTests.swift in Sources */ = {isa = PBXBuildFile; fileRef = C7E402F31A45D81E008EDBE1 /* PostcardTests.swift */; };
/* End PBXBuildFile section */

/* Begin PBXContainerItemProxy section */
		C7E402EE1A45D81E008EDBE1 /* PBXContainerItemProxy */ = {
			isa = PBXContainerItemProxy;
			containerPortal = C7E402D01A45D81E008EDBE1 /* Project object */;
			proxyType = 1;
			remoteGlobalIDString = C7E402D71A45D81E008EDBE1;
			remoteInfo = Postcard;
		};
/* End PBXContainerItemProxy section */

/* Begin PBXFileReference section */
		C7E402D81A45D81E008EDBE1 /* Postcard.app */ = {isa = PBXFileReference; explicitFileType = wrapper.application; includeInIndex = 0; path = Postcard.app; sourceTree = BUILT_PRODUCTS_DIR; };
		C7E402DC1A45D81E008EDBE1 /* Info.plist */ = {isa = PBXFileReference; lastKnownFileType = text.plist.xml; path = Info.plist; sourceTree = "<group>"; };
		C7E402DD1A45D81E008EDBE1 /* AppDelegate.swift */ = {isa = PBXFileReference; lastKnownFileType = sourcecode.swift; path = AppDelegate.swift; sourceTree = "<group>"; };
		C7E402DF1A45D81E008EDBE1 /* ViewController.swift */ = {isa = PBXFileReference; lastKnownFileType = sourcecode.swift; path = ViewController.swift; sourceTree = "<group>"; };
		C7E402E21A45D81E008EDBE1 /* Base */ = {isa = PBXFileReference; lastKnownFileType = file.storyboard; name = Base; path = Base.lproj/Main.storyboard; sourceTree = "<group>"; };
		C7E402E41A45D81E008EDBE1 /* Images.xcassets */ = {isa = PBXFileReference; lastKnownFileType = folder.assetcatalog; path = Images.xcassets; sourceTree = "<group>"; };
		C7E402E71A45D81E008EDBE1 /* Base */ = {isa = PBXFileReference; lastKnownFileType = file.xib; name = Base; path = Base.lproj/LaunchScreen.xib; sourceTree = "<group>"; };
		C7E402ED1A45D81E008EDBE1 /* PostcardTests.xctest */ = {isa = PBXFileReference; explicitFileType = wrapper.cfbundle; includeInIndex = 0; path = PostcardTests.xctest; sourceTree = BUILT_PRODUCTS_DIR; };
		C7E402F21A45D81E008EDBE1 /* Info.plist */ = {isa = PBXFileReference; lastKnownFileType = text.plist.xml; path = Info.plist; sourceTree = "<group>"; };
		C7E402F31A45D81E008EDBE1 /* PostcardTests.swift */ = {isa = PBXFileReference; lastKnownFileType = sourcecode.swift; path = PostcardTests.swift; sourceTree = "<group>"; };
/* End PBXFileReference section */

/* Begin PBXFrameworksBuildPhase section */
		C7E402D51A45D81E008EDBE1 /* Frameworks */ = {
			isa = PBXFrameworksBuildPhase;
			buildActionMask = 2147483647;
			files = (
			);
			runOnlyForDeploymentPostprocessing = 0;
		};
		C7E402EA1A45D81E008EDBE1 /* Frameworks */ = {
			isa = PBXFrameworksBuildPhase;
			buildActionMask = 2147483647;
			files = (
			);
			runOnlyForDeploymentPostprocessing = 0;
		};
/* End PBXFrameworksBuildPhase section */

/* Begin PBXGroup section */
		C7E402CF1A45D81E008EDBE1 = {
			isa = PBXGroup;
			children = (
				C7E402DA1A45D81E008EDBE1 /* Postcard */,
				C7E402F01A45D81E008EDBE1 /* PostcardTests */,
				C7E402D91A45D81E008EDBE1 /* Products */,
			);
			sourceTree = "<group>";
		};
		C7E402D91A45D81E008EDBE1 /* Products */ = {
			isa = PBXGroup;
			children = (
				C7E402D81A45D81E008EDBE1 /* Postcard.app */,
				C7E402ED1A45D81E008EDBE1 /* PostcardTests.xctest */,
			);
			name = Products;
			sourceTree = "<group>";
		};
		C7E402DA1A45D81E008EDBE1 /* Postcard */ = {
			isa = PBXGroup;
			children = (
				C7E402DD1A45D81E008EDBE1 /* AppDelegate.swift */,
				C7E402DF1A45D81E008EDBE1 /* ViewController.swift */,
				C7E402E11A45D81E008EDBE1 /* Main.storyboard */,
				C7E402E41A45D81E008EDBE1 /* Images.xcassets */,
				C7E402E61A45D81E008EDBE1 /* LaunchScreen.xib */,
				C7E402DB1A45D81E008EDBE1 /* Supporting Files */,
			);
			path = Postcard;
			sourceTree = "<group>";
		};
		C7E402DB1A45D81E008EDBE1 /* Supporting Files */ = {
			isa = PBXGroup;
			children = (
				C7E402DC1A45D81E008EDBE1 /* Info.plist */,
			);
			name = "Supporting Files";
			sourceTree = "<group>";
		};
		C7E402F01A45D81E008EDBE1 /* PostcardTests */ = {
			isa = PBXGroup;
			children = (
				C7E402F31A45D81E008EDBE1 /* PostcardTests.swift */,
				C7E402F11A45D81E008EDBE1 /* Supporting Files */,
			);
			path = PostcardTests;
			sourceTree = "<group>";
		};
		C7E402F11A45D81E008EDBE1 /* Supporting Files */ = {
			isa = PBXGroup;
			children = (
				C7E402F21A45D81E008EDBE1 /* Info.plist */,
			);
			name = "Supporting Files";
			sourceTree = "<group>";
		};
/* End PBXGroup section */

/* Begin PBXNativeTarget section */
		C7E402D71A45D81E008EDBE1 /* Postcard */ = {
			isa = PBXNativeTarget;
			buildConfigurationList = C7E402F71A45D81E008EDBE1 /* Build configuration list for PBXNativeTarget "Postcard" */;
			buildPhases = (
				C7E402D41A45D81E008EDBE1 /* Sources */,
				C7E402D51A45D81E008EDBE1 /* Frameworks */,
				C7E402D61A45D81E008EDBE1 /* Resources */,
			);
			buildRules = (
			);
			dependencies = (
			);
			name = Postcard;
			productName = Postcard;
			productReference = C7E402D81A45D81E008EDBE1 /* Postcard.app */;
			productType = "com.apple.product-type.application";
		};
		C7E402EC1A45D81E008EDBE1 /* PostcardTests */ = {
			isa = PBXNativeTarget;
			buildConfigurationList = C7E402FA1A45D81E008EDBE1 /* Build configuration list for PBXNativeTarget "PostcardTests" */;
			buildPhases = (
				C7E402E91A45D81E008EDBE1 /* Sources */,
				C7E402EA1A45D81E008EDBE1 /* Frameworks */,
				C7E402EB1A45D81E008EDBE1 /* Resources */,
			);
			buildRules = (
			);
			dependencies = (
				C7E402EF1A45D81E008EDBE1 /* PBXTargetDependency */,
			);
			name = PostcardTests;
			productName = PostcardTests;
			productReference = C7E402ED1A45D81E008EDBE1 /* PostcardTests.xctest */;
			productType = "com.apple.product-type.bundle.unit-test";
		};
/* End PBXNativeTarget section */

/* Begin PBXProject section */
		C7E402D01A45D81E008EDBE1 /* Project object */ = {
			isa = PBXProject;
			attributes = {
				LastUpgradeCheck = 0610;
				ORGANIZATIONNAME = __JWDAVIDSON__;
				TargetAttributes = {
					C7E402D71A45D81E008EDBE1 = {
						CreatedOnToolsVersion = 6.1.1;
					};
					C7E402EC1A45D81E008EDBE1 = {
						CreatedOnToolsVersion = 6.1.1;
						TestTargetID = C7E402D71A45D81E008EDBE1;
					};
				};
			};
			buildConfigurationList = C7E402D31A45D81E008EDBE1 /* Build configuration list for PBXProject "Postcard" */;
			compatibilityVersion = "Xcode 3.2";
			developmentRegion = English;
			hasScannedForEncodings = 0;
			knownRegions = (
				en,
				Base,
			);
			mainGroup = C7E402CF1A45D81E008EDBE1;
			productRefGroup = C7E402D91A45D81E008EDBE1 /* Products */;
			projectDirPath = "";
			projectRoot = "";
			targets = (
				C7E402D71A45D81E008EDBE1 /* Postcard */,
				C7E402EC1A45D81E008EDBE1 /* PostcardTests */,
			);
		};
/* End PBXProject section */

/* Begin PBXResourcesBuildPhase section */
		C7E402D61A45D81E008EDBE1 /* Resources */ = {
			isa = PBXResourcesBuildPhase;
			buildActionMask = 2147483647;
			files = (
				C7E402E31A45D81E008EDBE1 /* Main.storyboard in Resources */,
				C7E402E81A45D81E008EDBE1 /* LaunchScreen.xib in Resources */,
				C7E402E51A45D81E008EDBE1 /* Images.xcassets in Resources */,
			);
			runOnlyForDeploymentPostprocessing = 0;
		};
		C7E402EB1A45D81E008EDBE1 /* Resources */ = {
			isa = PBXResourcesBuildPhase;
			buildActionMask = 2147483647;
			files = (
			);
			runOnlyForDeploymentPostprocessing = 0;
		};
/* End PBXResourcesBuildPhase section */

/* Begin PBXSourcesBuildPhase section */
		C7E402D41A45D81E008EDBE1 /* Sources */ = {
			isa = PBXSourcesBuildPhase;
			buildActionMask = 2147483647;
			files = (
				C7E402E01A45D81E008EDBE1 /* ViewController.swift in Sources */,
				C7E402DE1A45D81E008EDBE1 /* AppDelegate.swift in Sources */,
			);
			runOnlyForDeploymentPostprocessing = 0;
		};
		C7E402E91A45D81E008EDBE1 /* Sources */ = {
			isa = PBXSourcesBuildPhase;
			buildActionMask = 2147483647;
			files = (
				C7E402F41A45D81E008EDBE1 /* PostcardTests.swift in Sources */,
			);
			runOnlyForDeploymentPostprocessing = 0;
		};
/* End PBXSourcesBuildPhase section */

/* Begin PBXTargetDependency section */
		C7E402EF1A45D81E008EDBE1 /* PBXTargetDependency */ = {
			isa = PBXTargetDependency;
			target = C7E402D71A45D81E008EDBE1 /* Postcard */;
			targetProxy = C7E402EE1A45D81E008EDBE1 /* PBXContainerItemProxy */;
		};
/* End PBXTargetDependency section */

/* Begin PBXVariantGroup section */
		C7E402E11A45D81E008EDBE1 /* Main.storyboard */ = {
			isa = PBXVariantGroup;
			children = (
				C7E402E21A45D81E008EDBE1 /* Base */,
			);
			name = Main.storyboard;
			sourceTree = "<group>";
		};
		C7E402E61A45D81E008EDBE1 /* LaunchScreen.xib */ = {
			isa = PBXVariantGroup;
			children = (
				C7E402E71A45D81E008EDBE1 /* Base */,
			);
			name = LaunchScreen.xib;
			sourceTree = "<group>";
		};
/* End PBXVariantGroup section */

/* Begin XCBuildConfiguration section */
		C7E402F51A45D81E008EDBE1 /* Debug */ = {
			isa = XCBuildConfiguration;
			buildSettings = {
				ALWAYS_SEARCH_USER_PATHS = NO;
				CLANG_CXX_LANGUAGE_STANDARD = "gnu++0x";
				CLANG_CXX_LIBRARY = "libc++";
				CLANG_ENABLE_MODULES = YES;
				CLANG_ENABLE_OBJC_ARC = YES;
				CLANG_WARN_BOOL_CONVERSION = YES;
				CLANG_WARN_CONSTANT_CONVERSION = YES;
				CLANG_WARN_DIRECT_OBJC_ISA_USAGE = YES_ERROR;
				CLANG_WARN_EMPTY_BODY = YES;
				CLANG_WARN_ENUM_CONVERSION = YES;
				CLANG_WARN_INT_CONVERSION = YES;
				CLANG_WARN_OBJC_ROOT_CLASS = YES_ERROR;
				CLANG_WARN_UNREACHABLE_CODE = YES;
				CLANG_WARN__DUPLICATE_METHOD_MATCH = YES;
				"CODE_SIGN_IDENTITY[sdk=iphoneos*]" = "iPhone Developer";
				COPY_PHASE_STRIP = NO;
				ENABLE_STRICT_OBJC_MSGSEND = YES;
				GCC_C_LANGUAGE_STANDARD = gnu99;
				GCC_DYNAMIC_NO_PIC = NO;
				GCC_OPTIMIZATION_LEVEL = 0;
				GCC_PREPROCESSOR_DEFINITIONS = (
					"DEBUG=1",
					"$(inherited)",
				);
				GCC_SYMBOLS_PRIVATE_EXTERN = NO;
				GCC_WARN_64_TO_32_BIT_CONVERSION = YES;
				GCC_WARN_ABOUT_RETURN_TYPE = YES_ERROR;
				GCC_WARN_UNDECLARED_SELECTOR = YES;
				GCC_WARN_UNINITIALIZED_AUTOS = YES_AGGRESSIVE;
				GCC_WARN_UNUSED_FUNCTION = YES;
				GCC_WARN_UNUSED_VARIABLE = YES;
				IPHONEOS_DEPLOYMENT_TARGET = 8.1;
				MTL_ENABLE_DEBUG_INFO = YES;
				ONLY_ACTIVE_ARCH = YES;
				SDKROOT = iphoneos;
				SWIFT_OPTIMIZATION_LEVEL = "-Onone";
				TARGETED_DEVICE_FAMILY = "1,2";
			};
			name = Debug;
		};
		C7E402F61A45D81E008EDBE1 /* Release */ = {
			isa = XCBuildConfiguration;
			buildSettings = {
				ALWAYS_SEARCH_USER_PATHS = NO;
				CLANG_CXX_LANGUAGE_STANDARD = "gnu++0x";
				CLANG_CXX_LIBRARY = "libc++";
				CLANG_ENABLE_MODULES = YES;
				CLANG_ENABLE_OBJC_ARC = YES;
				CLANG_WARN_BOOL_CONVERSION = YES;
				CLANG_WARN_CONSTANT_CONVERSION = YES;
				CLANG_WARN_DIRECT_OBJC_ISA_USAGE = YES_ERROR;
				CLANG_WARN_EMPTY_BODY = YES;
				CLANG_WARN_ENUM_CONVERSION = YES;
				CLANG_WARN_INT_CONVERSION = YES;
				CLANG_WARN_OBJC_ROOT_CLASS = YES_ERROR;
				CLANG_WARN_UNREACHABLE_CODE = YES;
				CLANG_WARN__DUPLICATE_METHOD_MATCH = YES;
				"CODE_SIGN_IDENTITY[sdk=iphoneos*]" = "iPhone Developer";
				COPY_PHASE_STRIP = YES;
				ENABLE_NS_ASSERTIONS = NO;
				ENABLE_STRICT_OBJC_MSGSEND = YES;
				GCC_C_LANGUAGE_STANDARD = gnu99;
				GCC_WARN_64_TO_32_BIT_CONVERSION = YES;
				GCC_WARN_ABOUT_RETURN_TYPE = YES_ERROR;
				GCC_WARN_UNDECLARED_SELECTOR = YES;
				GCC_WARN_UNINITIALIZED_AUTOS = YES_AGGRESSIVE;
				GCC_WARN_UNUSED_FUNCTION = YES;
				GCC_WARN_UNUSED_VARIABLE = YES;
				IPHONEOS_DEPLOYMENT_TARGET = 8.1;
				MTL_ENABLE_DEBUG_INFO = NO;
				SDKROOT = iphoneos;
				TARGETED_DEVICE_FAMILY = "1,2";
				VALIDATE_PRODUCT = YES;
			};
			name = Release;
		};
		C7E402F81A45D81E008EDBE1 /* Debug */ = {
			isa = XCBuildConfiguration;
			buildSettings = {
				ASSETCATALOG_COMPILER_APPICON_NAME = AppIcon;
				INFOPLIST_FILE = Postcard/Info.plist;
				LD_RUNPATH_SEARCH_PATHS = "$(inherited) @executable_path/Frameworks";
				PRODUCT_NAME = "$(TARGET_NAME)";
			};
			name = Debug;
		};
		C7E402F91A45D81E008EDBE1 /* Release */ = {
			isa = XCBuildConfiguration;
			buildSettings = {
				ASSETCATALOG_COMPILER_APPICON_NAME = AppIcon;
				INFOPLIST_FILE = Postcard/Info.plist;
				LD_RUNPATH_SEARCH_PATHS = "$(inherited) @executable_path/Frameworks";
				PRODUCT_NAME = "$(TARGET_NAME)";
			};
			name = Release;
		};
		C7E402FB1A45D81E008EDBE1 /* Debug */ = {
			isa = XCBuildConfiguration;
			buildSettings = {
				BUNDLE_LOADER = "$(TEST_HOST)";
				FRAMEWORK_SEARCH_PATHS = (
					"$(SDKROOT)/Developer/Library/Frameworks",
					"$(inherited)",
				);
				GCC_PREPROCESSOR_DEFINITIONS = (
					"DEBUG=1",
					"$(inherited)",
				);
				INFOPLIST_FILE = PostcardTests/Info.plist;
				LD_RUNPATH_SEARCH_PATHS = "$(inherited) @executable_path/Frameworks @loader_path/Frameworks";
				PRODUCT_NAME = "$(TARGET_NAME)";
				TEST_HOST = "$(BUILT_PRODUCTS_DIR)/Postcard.app/Postcard";
			};
			name = Debug;
		};
		C7E402FC1A45D81E008EDBE1 /* Release */ = {
			isa = XCBuildConfiguration;
			buildSettings = {
				BUNDLE_LOADER = "$(TEST_HOST)";
				FRAMEWORK_SEARCH_PATHS = (
					"$(SDKROOT)/Developer/Library/Frameworks",
					"$(inherited)",
				);
				INFOPLIST_FILE = PostcardTests/Info.plist;
				LD_RUNPATH_SEARCH_PATHS = "$(inherited) @executable_path/Frameworks @loader_path/Frameworks";
				PRODUCT_NAME = "$(TARGET_NAME)";
				TEST_HOST = "$(BUILT_PRODUCTS_DIR)/Postcard.app/Postcard";
			};
			name = Release;
		};
/* End XCBuildConfiguration section */

/* Begin XCConfigurationList section */
		C7E402D31A45D81E008EDBE1 /* Build configuration list for PBXProject "Postcard" */ = {
			isa = XCConfigurationList;
			buildConfigurations = (
				C7E402F51A45D81E008EDBE1 /* Debug */,
				C7E402F61A45D81E008EDBE1 /* Release */,
			);
			defaultConfigurationIsVisible = 0;
			defaultConfigurationName = Release;
		};
		C7E402F71A45D81E008EDBE1 /* Build configuration list for PBXNativeTarget "Postcard" */ = {
			isa = XCConfigurationList;
			buildConfigurations = (
				C7E402F81A45D81E008EDBE1 /* Debug */,
				C7E402F91A45D81E008EDBE1 /* Release */,
			);
			defaultConfigurationIsVisible = 0;
		};
		C7E402FA1A45D81E008EDBE1 /* Build configuration list for PBXNativeTarget "PostcardTests" */ = {
			isa = XCConfigurationList;
			buildConfigurations = (
				C7E402FB1A45D81E008EDBE1 /* Debug */,
				C7E402FC1A45D81E008EDBE1 /* Release */,
			);
			defaultConfigurationIsVisible = 0;
		};
/* End XCConfigurationList section */
	};
	rootObject = C7E402D01A45D81E008EDBE1 /* Project object */;
}
